
Microsoft Visual Studio Solution File, Format Version 12.00
# Visual Studio 15
VisualStudioVersion = 15.0.28010.2016
MinimumVisualStudioVersion = 10.0.40219.1
Project("{FAE04EC0-301F-11D3-BF4B-00C04F79EFBC}") = "QBProduction", "QBProduction\QBProduction.csproj", "{DD1DFD55-702B-4FD3-AD69-1B9B7485C1DC}"
EndProject
Project("{FAE04EC0-301F-11D3-BF4B-00C04F79EFBC}") = "QBProduction.Web", "QBProduction.Web\QBProduction.Web.csproj", "{8E6A5F8D-9B3C-4D2E-A1B7-3C4D5E6F7A8B}"
EndProject
Global
	GlobalSection(SolutionConfigurationPlatforms) = preSolution
		Debug|Any CPU = Debug|Any CPU
		Release|Any CPU = Release|Any CPU
	EndGlobalSection
	GlobalSection(ProjectConfigurationPlatforms) = postSolution
		{DD1DFD55-702B-4FD3-AD69-1B9B7485C1DC}.Debug|Any CPU.ActiveCfg = Debug|Any CPU
		{DD1DFD55-702B-4FD3-AD69-1B9B7485C1DC}.Debug|Any CPU.Build.0 = Debug|Any CPU
		{DD1DFD55-702B-4FD3-AD69-1B9B7485C1DC}.Release|Any CPU.ActiveCfg = Release|Any CPU
		{DD1DFD55-702B-4FD3-AD69-1B9B7485C1DC}.Release|Any CPU.Build.0 = Release|Any CPU
		{8E6A5F8D-9B3C-4D2E-A1B7-3C4D5E6F7A8B}.Debug|Any CPU.ActiveCfg = Debug|Any CPU
		{8E6A5F8D-9B3C-4D2E-A1B7-3C4D5E6F7A8B}.Debug|Any CPU.Build.0 = Debug|Any CPU
		{8E6A5F8D-9B3C-4D2E-A1B7-3C4D5E6F7A8B}.Release|Any CPU.ActiveCfg = Release|Any CPU
		{8E6A5F8D-9B3C-4D2E-A1B7-3C4D5E6F7A8B}.Release|Any CPU.Build.0 = Release|Any CPU
	EndGlobalSection
	GlobalSection(SolutionProperties) = preSolution
		HideSolutionNode = FALSE
	EndGlobalSection
	GlobalSection(ExtensibilityGlobals) = postSolution
		SolutionGuid = {9931490B-9BF6-45B2-8B2A-72B6D3746BDC}
	EndGlobalSection
EndGlobal
